
Microsoft Visual Studio Solution File, Format Version 12.00
# Visual Studio 15
VisualStudioVersion = 15.0.28010.2046
MinimumVisualStudioVersion = 10.0.40219.1
Project("{FAE04EC0-301F-11D3-BF4B-00C04F79EFBC}") = "project2", "project2\project2.csproj", "{788EA480-CB2B-4148-A00C-FFCD62040C6D}"
EndProject
Global
	GlobalSection(SolutionConfigurationPlatforms) = preSolution
		Debug|Any CPU = Debug|Any CPU
		Release|Any CPU = Release|Any CPU
	EndGlobalSection
	GlobalSection(ProjectConfigurationPlatforms) = postSolution
		{788EA480-CB2B-4148-A00C-FFCD62040C6D}.Debug|Any CPU.ActiveCfg = Debug|Any CPU
		{788EA480-CB2B-4148-A00C-FFCD62040C6D}.Debug|Any CPU.Build.0 = Debug|Any CPU
		{788EA480-CB2B-4148-A00C-FFCD62040C6D}.Release|Any CPU.ActiveCfg = Release|Any CPU
		{788EA480-CB2B-4148-A00C-FFCD62040C6D}.Release|Any CPU.Build.0 = Release|Any CPU
	EndGlobalSection
	GlobalSection(SolutionProperties) = preSolution
		HideSolutionNode = FALSE
	EndGlobalSection
	GlobalSection(ExtensibilityGlobals) = postSolution
		SolutionGuid = {FF480233-976C-4B1E-BAF8-49195EFD6A02}
	EndGlobalSection
EndGlobal
